
Microsoft Visual Studio Solution File, Format Version 12.00
# Visual Studio Version 17
VisualStudioVersion = 17.6.33723.286
MinimumVisualStudioVersion = 10.0.40219.1
Project("{FAE04EC0-301F-11D3-BF4B-00C04F79EFBC}") = "Co", "Co\Co.csproj", "{8CA28592-562E-4249-9618-E13E6769A44E}"
EndProject
Global
	GlobalSection(SolutionConfigurationPlatforms) = preSolution
		Debug|Any CPU = Debug|Any CPU
		Release|Any CPU = Release|Any CPU
	EndGlobalSection
	GlobalSection(ProjectConfigurationPlatforms) = postSolution
		{8CA28592-562E-4249-9618-E13E6769A44E}.Debug|Any CPU.ActiveCfg = Debug|Any CPU
		{8CA28592-562E-4249-9618-E13E6769A44E}.Debug|Any CPU.Build.0 = Debug|Any CPU
		{8CA28592-562E-4249-9618-E13E6769A44E}.Release|Any CPU.ActiveCfg = Release|Any CPU
		{8CA28592-562E-4249-9618-E13E6769A44E}.Release|Any CPU.Build.0 = Release|Any CPU
	EndGlobalSection
	GlobalSection(SolutionProperties) = preSolution
		HideSolutionNode = FALSE
	EndGlobalSection
	GlobalSection(ExtensibilityGlobals) = postSolution
		SolutionGuid = {561136E7-5460-475E-9EA4-2A6167B72D08}
	EndGlobalSection
EndGlobal
